
Microsoft Visual Studio Solution File, Format Version 12.00
# Visual Studio 15
VisualStudioVersion = 15.0.26730.16
MinimumVisualStudioVersion = 10.0.40219.1
Project("{9A19103F-16F7-4668-BE54-9A1E7A4F7556}") = "persistance.dapper", "persistance.dapper\persistance.dapper.csproj", "{51824C10-DBE7-4558-9615-FA2CB9B44CE3}"
EndProject
Project("{9A19103F-16F7-4668-BE54-9A1E7A4F7556}") = "infrastructure.user", "infrastructure.user\infrastructure.user.csproj", "{2830C6C3-51EA-4850-A0BF-AFD2BA4720B5}"
EndProject
Project("{9A19103F-16F7-4668-BE54-9A1E7A4F7556}") = "infrastucture.libs", "infrastucture.libs\infrastucture.libs.csproj", "{9F4618CA-F542-4302-9517-D12154294702}"
EndProject
Project("{9A19103F-16F7-4668-BE54-9A1E7A4F7556}") = "infrastructure.i18n", "infrastructure.i18n\infrastructure.i18n.csproj", "{69762B4F-D8DC-4F36-877C-B3ADF93B39CC}"
EndProject
Project("{9A19103F-16F7-4668-BE54-9A1E7A4F7556}") = "persistance.ef", "persistance.ef\persistance.ef.csproj", "{614BAAE5-F861-45FF-AD82-26A58D0B4180}"
EndProject
Project("{9A19103F-16F7-4668-BE54-9A1E7A4F7556}") = "peruncore", "peruncore\peruncore.csproj", "{B4B38248-E5BC-4F07-AF3C-AC3E10514B62}"
EndProject
Project("{9A19103F-16F7-4668-BE54-9A1E7A4F7556}") = "infrastructure.email", "infrastructure.email\infrastructure.email.csproj", "{B4710377-B88D-452C-AFD8-F8F4E97574BA}"
EndProject
Global
	GlobalSection(SolutionConfigurationPlatforms) = preSolution
		Debug|Any CPU = Debug|Any CPU
		Release|Any CPU = Release|Any CPU
	EndGlobalSection
	GlobalSection(ProjectConfigurationPlatforms) = postSolution
		{51824C10-DBE7-4558-9615-FA2CB9B44CE3}.Debug|Any CPU.ActiveCfg = Debug|Any CPU
		{51824C10-DBE7-4558-9615-FA2CB9B44CE3}.Debug|Any CPU.Build.0 = Debug|Any CPU
		{51824C10-DBE7-4558-9615-FA2CB9B44CE3}.Release|Any CPU.ActiveCfg = Release|Any CPU
		{51824C10-DBE7-4558-9615-FA2CB9B44CE3}.Release|Any CPU.Build.0 = Release|Any CPU
		{2830C6C3-51EA-4850-A0BF-AFD2BA4720B5}.Debug|Any CPU.ActiveCfg = Debug|Any CPU
		{2830C6C3-51EA-4850-A0BF-AFD2BA4720B5}.Debug|Any CPU.Build.0 = Debug|Any CPU
		{2830C6C3-51EA-4850-A0BF-AFD2BA4720B5}.Release|Any CPU.ActiveCfg = Release|Any CPU
		{2830C6C3-51EA-4850-A0BF-AFD2BA4720B5}.Release|Any CPU.Build.0 = Release|Any CPU
		{9F4618CA-F542-4302-9517-D12154294702}.Debug|Any CPU.ActiveCfg = Debug|Any CPU
		{9F4618CA-F542-4302-9517-D12154294702}.Debug|Any CPU.Build.0 = Debug|Any CPU
		{9F4618CA-F542-4302-9517-D12154294702}.Release|Any CPU.ActiveCfg = Release|Any CPU
		{9F4618CA-F542-4302-9517-D12154294702}.Release|Any CPU.Build.0 = Release|Any CPU
		{69762B4F-D8DC-4F36-877C-B3ADF93B39CC}.Debug|Any CPU.ActiveCfg = Debug|Any CPU
		{69762B4F-D8DC-4F36-877C-B3ADF93B39CC}.Debug|Any CPU.Build.0 = Debug|Any CPU
		{69762B4F-D8DC-4F36-877C-B3ADF93B39CC}.Release|Any CPU.ActiveCfg = Release|Any CPU
		{69762B4F-D8DC-4F36-877C-B3ADF93B39CC}.Release|Any CPU.Build.0 = Release|Any CPU
		{614BAAE5-F861-45FF-AD82-26A58D0B4180}.Debug|Any CPU.ActiveCfg = Debug|Any CPU
		{614BAAE5-F861-45FF-AD82-26A58D0B4180}.Debug|Any CPU.Build.0 = Debug|Any CPU
		{614BAAE5-F861-45FF-AD82-26A58D0B4180}.Release|Any CPU.ActiveCfg = Release|Any CPU
		{614BAAE5-F861-45FF-AD82-26A58D0B4180}.Release|Any CPU.Build.0 = Release|Any CPU
		{B4B38248-E5BC-4F07-AF3C-AC3E10514B62}.Debug|Any CPU.ActiveCfg = Debug|Any CPU
		{B4B38248-E5BC-4F07-AF3C-AC3E10514B62}.Debug|Any CPU.Build.0 = Debug|Any CPU
		{B4B38248-E5BC-4F07-AF3C-AC3E10514B62}.Release|Any CPU.ActiveCfg = Release|Any CPU
		{B4B38248-E5BC-4F07-AF3C-AC3E10514B62}.Release|Any CPU.Build.0 = Release|Any CPU
		{B4710377-B88D-452C-AFD8-F8F4E97574BA}.Debug|Any CPU.ActiveCfg = Debug|Any CPU
		{B4710377-B88D-452C-AFD8-F8F4E97574BA}.Debug|Any CPU.Build.0 = Debug|Any CPU
		{B4710377-B88D-452C-AFD8-F8F4E97574BA}.Release|Any CPU.ActiveCfg = Release|Any CPU
		{B4710377-B88D-452C-AFD8-F8F4E97574BA}.Release|Any CPU.Build.0 = Release|Any CPU
	EndGlobalSection
	GlobalSection(SolutionProperties) = preSolution
		HideSolutionNode = FALSE
	EndGlobalSection
	GlobalSection(ExtensibilityGlobals) = postSolution
		SolutionGuid = {FEB9F57D-912F-4555-A4EC-733CEBF5D956}
	EndGlobalSection
EndGlobal
